
Microsoft Visual Studio Solution File, Format Version 12.00
# Visual Studio Version 17
VisualStudioVersion = 17.14.36301.6 d17.14
MinimumVisualStudioVersion = 10.0.40219.1
Project("{FAE04EC0-301F-11D3-BF4B-00C04F79EFBC}") = "PcHostApplication", "PcHostApplication.csproj", "{0B3AC44F-FF2D-436B-A597-ADF0A1B85C9F}"
EndProject
Global
	GlobalSection(SolutionConfigurationPlatforms) = preSolution
		Debug|Any CPU = Debug|Any CPU
		Release|Any CPU = Release|Any CPU
	EndGlobalSection
	GlobalSection(ProjectConfigurationPlatforms) = postSolution
		{0B3AC44F-FF2D-436B-A597-ADF0A1B85C9F}.Debug|Any CPU.ActiveCfg = Debug|Any CPU
		{0B3AC44F-FF2D-436B-A597-ADF0A1B85C9F}.Debug|Any CPU.Build.0 = Debug|Any CPU
		{0B3AC44F-FF2D-436B-A597-ADF0A1B85C9F}.Release|Any CPU.ActiveCfg = Release|Any CPU
		{0B3AC44F-FF2D-436B-A597-ADF0A1B85C9F}.Release|Any CPU.Build.0 = Release|Any CPU
	EndGlobalSection
	GlobalSection(SolutionProperties) = preSolution
		HideSolutionNode = FALSE
	EndGlobalSection
	GlobalSection(ExtensibilityGlobals) = postSolution
		SolutionGuid = {914B609C-77C2-4B2C-9EF5-7275D925099F}
	EndGlobalSection
EndGlobal
